
Microsoft Visual Studio Solution File, Format Version 12.00
# Visual Studio Version 17
VisualStudioVersion = 17.14.36401.2
MinimumVisualStudioVersion = 10.0.40219.1
Project("{FAE04EC0-301F-11D3-BF4B-00C04F79EFBC}") = "ChatSystem", "ChatSystem\ChatSystem.csproj", "{0A26AAEE-CA69-4736-8577-66F5761C044E}"
EndProject
Global
	GlobalSection(SolutionConfigurationPlatforms) = preSolution
		Debug|Any CPU = Debug|Any CPU
		Release|Any CPU = Release|Any CPU
	EndGlobalSection
	GlobalSection(ProjectConfigurationPlatforms) = postSolution
		{0A26AAEE-CA69-4736-8577-66F5761C044E}.Debug|Any CPU.ActiveCfg = Debug|Any CPU
		{0A26AAEE-CA69-4736-8577-66F5761C044E}.Debug|Any CPU.Build.0 = Debug|Any CPU
		{0A26AAEE-CA69-4736-8577-66F5761C044E}.Release|Any CPU.ActiveCfg = Release|Any CPU
		{0A26AAEE-CA69-4736-8577-66F5761C044E}.Release|Any CPU.Build.0 = Release|Any CPU
	EndGlobalSection
	GlobalSection(SolutionProperties) = preSolution
		HideSolutionNode = FALSE
	EndGlobalSection
	GlobalSection(ExtensibilityGlobals) = postSolution
		SolutionGuid = {26F9B27C-F90A-4D17-95EA-2B5FD9E7476D}
	EndGlobalSection
EndGlobal
